
Microsoft Visual Studio Solution File, Format Version 12.00
# Visual Studio 15
Project("{FAE04EC0-301F-11D3-BF4B-00C04F79EFBC}") = "Assembly-CSharp", "Assembly-CSharp.csproj", "{56C8A35A-8F43-A63B-66CA-9002A2F43466}"
EndProject
Project("{FAE04EC0-301F-11D3-BF4B-00C04F79EFBC}") = "Assembly-CSharp-Editor", "Assembly-CSharp-Editor.csproj", "{63A225DC-92D3-2C61-8CC8-4E0F595FC498}"
EndProject
Global
	GlobalSection(SolutionConfigurationPlatforms) = preSolution
		Debug|Any CPU = Debug|Any CPU
		Release|Any CPU = Release|Any CPU
	EndGlobalSection
	GlobalSection(ProjectConfigurationPlatforms) = postSolution
		{56C8A35A-8F43-A63B-66CA-9002A2F43466}.Debug|Any CPU.ActiveCfg = Debug|Any CPU
		{56C8A35A-8F43-A63B-66CA-9002A2F43466}.Debug|Any CPU.Build.0 = Debug|Any CPU
		{56C8A35A-8F43-A63B-66CA-9002A2F43466}.Release|Any CPU.ActiveCfg = Release|Any CPU
		{56C8A35A-8F43-A63B-66CA-9002A2F43466}.Release|Any CPU.Build.0 = Release|Any CPU
		{63A225DC-92D3-2C61-8CC8-4E0F595FC498}.Debug|Any CPU.ActiveCfg = Debug|Any CPU
		{63A225DC-92D3-2C61-8CC8-4E0F595FC498}.Debug|Any CPU.Build.0 = Debug|Any CPU
		{63A225DC-92D3-2C61-8CC8-4E0F595FC498}.Release|Any CPU.ActiveCfg = Release|Any CPU
		{63A225DC-92D3-2C61-8CC8-4E0F595FC498}.Release|Any CPU.Build.0 = Release|Any CPU
	EndGlobalSection
	GlobalSection(SolutionProperties) = preSolution
		HideSolutionNode = FALSE
	EndGlobalSection
EndGlobal
